
Microsoft Visual Studio Solution File, Format Version 12.00
# Visual Studio 15
VisualStudioVersion = 15.0.27130.2024
MinimumVisualStudioVersion = 10.0.40219.1
Project("{9A19103F-16F7-4668-BE54-9A1E7A4F7556}") = "Voicecoin.Core", "Voicecoin.Core\Voicecoin.Core.csproj", "{F386F072-BF93-46D7-AF3E-7277589746B7}"
EndProject
Project("{9A19103F-16F7-4668-BE54-9A1E7A4F7556}") = "Voicecoin.RestApi", "Voicecoin.RestApi\Voicecoin.RestApi.csproj", "{18ECD2A6-895D-4931-ACC9-F9FCB2A56603}"
EndProject
Project("{9A19103F-16F7-4668-BE54-9A1E7A4F7556}") = "Voicecoin.WebStarter", "Voicecoin.WebStarter\Voicecoin.WebStarter.csproj", "{E823CEB9-2E86-43CF-854D-3454A1737E92}"
EndProject
Project("{9A19103F-16F7-4668-BE54-9A1E7A4F7556}") = "DotNetToolkit", "..\..\DotNetToolkit\DotNetToolkit\DotNetToolkit.csproj", "{9C4152AD-5935-42AE-B5B0-336710F684FB}"
EndProject
Global
	GlobalSection(SolutionConfigurationPlatforms) = preSolution
		Debug|Any CPU = Debug|Any CPU
		Release|Any CPU = Release|Any CPU
	EndGlobalSection
	GlobalSection(ProjectConfigurationPlatforms) = postSolution
		{F386F072-BF93-46D7-AF3E-7277589746B7}.Debug|Any CPU.ActiveCfg = Debug|Any CPU
		{F386F072-BF93-46D7-AF3E-7277589746B7}.Debug|Any CPU.Build.0 = Debug|Any CPU
		{F386F072-BF93-46D7-AF3E-7277589746B7}.Release|Any CPU.ActiveCfg = Release|Any CPU
		{F386F072-BF93-46D7-AF3E-7277589746B7}.Release|Any CPU.Build.0 = Release|Any CPU
		{18ECD2A6-895D-4931-ACC9-F9FCB2A56603}.Debug|Any CPU.ActiveCfg = Debug|Any CPU
		{18ECD2A6-895D-4931-ACC9-F9FCB2A56603}.Debug|Any CPU.Build.0 = Debug|Any CPU
		{18ECD2A6-895D-4931-ACC9-F9FCB2A56603}.Release|Any CPU.ActiveCfg = Release|Any CPU
		{18ECD2A6-895D-4931-ACC9-F9FCB2A56603}.Release|Any CPU.Build.0 = Release|Any CPU
		{E823CEB9-2E86-43CF-854D-3454A1737E92}.Debug|Any CPU.ActiveCfg = Debug|Any CPU
		{E823CEB9-2E86-43CF-854D-3454A1737E92}.Debug|Any CPU.Build.0 = Debug|Any CPU
		{E823CEB9-2E86-43CF-854D-3454A1737E92}.Release|Any CPU.ActiveCfg = Release|Any CPU
		{E823CEB9-2E86-43CF-854D-3454A1737E92}.Release|Any CPU.Build.0 = Release|Any CPU
		{9C4152AD-5935-42AE-B5B0-336710F684FB}.Debug|Any CPU.ActiveCfg = Debug|Any CPU
		{9C4152AD-5935-42AE-B5B0-336710F684FB}.Debug|Any CPU.Build.0 = Debug|Any CPU
		{9C4152AD-5935-42AE-B5B0-336710F684FB}.Release|Any CPU.ActiveCfg = Release|Any CPU
		{9C4152AD-5935-42AE-B5B0-336710F684FB}.Release|Any CPU.Build.0 = Release|Any CPU
	EndGlobalSection
	GlobalSection(SolutionProperties) = preSolution
		HideSolutionNode = FALSE
	EndGlobalSection
	GlobalSection(ExtensibilityGlobals) = postSolution
		SolutionGuid = {44C70EC3-D3DA-439A-B5CA-341E673C77B3}
	EndGlobalSection
EndGlobal
